
Microsoft Visual Studio Solution File, Format Version 12.00
# Visual Studio Version 16
VisualStudioVersion = 16.0.30309.148
MinimumVisualStudioVersion = 10.0.40219.1
Project("{FAE04EC0-301F-11D3-BF4B-00C04F79EFBC}") = "Vidly", "Vidly.csproj", "{AE2C8B73-FA3C-4142-9E7B-64FB823EE956}"
EndProject
Global
	GlobalSection(SolutionConfigurationPlatforms) = preSolution
		Debug|Any CPU = Debug|Any CPU
		Release|Any CPU = Release|Any CPU
	EndGlobalSection
	GlobalSection(ProjectConfigurationPlatforms) = postSolution
		{AE2C8B73-FA3C-4142-9E7B-64FB823EE956}.Debug|Any CPU.ActiveCfg = Debug|Any CPU
		{AE2C8B73-FA3C-4142-9E7B-64FB823EE956}.Debug|Any CPU.Build.0 = Debug|Any CPU
		{AE2C8B73-FA3C-4142-9E7B-64FB823EE956}.Release|Any CPU.ActiveCfg = Release|Any CPU
		{AE2C8B73-FA3C-4142-9E7B-64FB823EE956}.Release|Any CPU.Build.0 = Release|Any CPU
	EndGlobalSection
	GlobalSection(SolutionProperties) = preSolution
		HideSolutionNode = FALSE
	EndGlobalSection
	GlobalSection(ExtensibilityGlobals) = postSolution
		SolutionGuid = {298D8C72-3290-4183-9796-DAAA3EA07331}
	EndGlobalSection
EndGlobal
